
Microsoft Visual Studio Solution File, Format Version 12.00
# Visual Studio Version 17
VisualStudioVersion = 17.2.32630.192
MinimumVisualStudioVersion = 10.0.40219.1
Project("{FAE04EC0-301F-11D3-BF4B-00C04F79EFBC}") = "OfflineDriverInstallerOOBE", "OfflineDriverInstallerOOBE.csproj", "{EAA434CD-A72C-4D58-A703-DE09AA83E0D1}"
EndProject
Project("{FAE04EC0-301F-11D3-BF4B-00C04F79EFBC}") = "ConstantsDLL", "..\Dependencies\ConstantsDLL\ConstantsDLL.csproj", "{B26141C5-C9A5-4729-9300-62C9AF4777B0}"
EndProject
Project("{FAE04EC0-301F-11D3-BF4B-00C04F79EFBC}") = "HardwareInfoDLL", "..\Dependencies\HardwareInfoDLL\HardwareInfoDLL.csproj", "{694029BB-A10F-4149-A5CE-D0EFFA645834}"
EndProject
Global
	GlobalSection(SolutionConfigurationPlatforms) = preSolution
		Debug|Any CPU = Debug|Any CPU
		Release|Any CPU = Release|Any CPU
	EndGlobalSection
	GlobalSection(ProjectConfigurationPlatforms) = postSolution
		{EAA434CD-A72C-4D58-A703-DE09AA83E0D1}.Debug|Any CPU.ActiveCfg = Debug|Any CPU
		{EAA434CD-A72C-4D58-A703-DE09AA83E0D1}.Debug|Any CPU.Build.0 = Debug|Any CPU
		{EAA434CD-A72C-4D58-A703-DE09AA83E0D1}.Release|Any CPU.ActiveCfg = Release|Any CPU
		{EAA434CD-A72C-4D58-A703-DE09AA83E0D1}.Release|Any CPU.Build.0 = Release|Any CPU
		{B26141C5-C9A5-4729-9300-62C9AF4777B0}.Debug|Any CPU.ActiveCfg = Debug|Any CPU
		{B26141C5-C9A5-4729-9300-62C9AF4777B0}.Debug|Any CPU.Build.0 = Debug|Any CPU
		{B26141C5-C9A5-4729-9300-62C9AF4777B0}.Release|Any CPU.ActiveCfg = Release|Any CPU
		{B26141C5-C9A5-4729-9300-62C9AF4777B0}.Release|Any CPU.Build.0 = Release|Any CPU
		{694029BB-A10F-4149-A5CE-D0EFFA645834}.Debug|Any CPU.ActiveCfg = Debug|Any CPU
		{694029BB-A10F-4149-A5CE-D0EFFA645834}.Debug|Any CPU.Build.0 = Debug|Any CPU
		{694029BB-A10F-4149-A5CE-D0EFFA645834}.Release|Any CPU.ActiveCfg = Release|Any CPU
		{694029BB-A10F-4149-A5CE-D0EFFA645834}.Release|Any CPU.Build.0 = Release|Any CPU
	EndGlobalSection
	GlobalSection(SolutionProperties) = preSolution
		HideSolutionNode = FALSE
	EndGlobalSection
	GlobalSection(ExtensibilityGlobals) = postSolution
		SolutionGuid = {D29CCE67-3D34-45BD-862D-013618501CF4}
	EndGlobalSection
EndGlobal
